// !$*UTF8*$!
{
	archiveVersion = 1;
	classes = {
	};
	objectVersion = 56;
	objects = {

/* Begin PBXBuildFile section */
		1F0FF308293A8BC200BBC1EC /* feelwellMap.swift in Sources */ = {isa = PBXBuildFile; fileRef = 1F0FF307293A8BC200BBC1EC /* feelwellMap.swift */; };
		1F0FF30A293A8BEF00BBC1EC /* mapSearch.swift in Sources */ = {isa = PBXBuildFile; fileRef = 1F0FF309293A8BEF00BBC1EC /* mapSearch.swift */; };
		1F0FF30C293A8C5D00BBC1EC /* MoodMap.swift in Sources */ = {isa = PBXBuildFile; fileRef = 1F0FF30B293A8C5D00BBC1EC /* MoodMap.swift */; };
		1F2372F22925D27800DE1555 /* pizzapizzaApp.swift in Sources */ = {isa = PBXBuildFile; fileRef = 1F2372F12925D27800DE1555 /* pizzapizzaApp.swift */; };
		1F2372F42925D27800DE1555 /* ContentView.swift in Sources */ = {isa = PBXBuildFile; fileRef = 1F2372F32925D27800DE1555 /* ContentView.swift */; };
		1F2372F62925D27900DE1555 /* Assets.xcassets in Resources */ = {isa = PBXBuildFile; fileRef = 1F2372F52925D27900DE1555 /* Assets.xcassets */; };
		1F2372F92925D27900DE1555 /* Preview Assets.xcassets in Resources */ = {isa = PBXBuildFile; fileRef = 1F2372F82925D27900DE1555 /* Preview Assets.xcassets */; };
		1F2373032925D27900DE1555 /* pizzapizzaTests.swift in Sources */ = {isa = PBXBuildFile; fileRef = 1F2373022925D27900DE1555 /* pizzapizzaTests.swift */; };
		1F23730D2925D27900DE1555 /* pizzapizzaUITests.swift in Sources */ = {isa = PBXBuildFile; fileRef = 1F23730C2925D27900DE1555 /* pizzapizzaUITests.swift */; };
		1F23730F2925D27900DE1555 /* pizzapizzaUITestsLaunchTests.swift in Sources */ = {isa = PBXBuildFile; fileRef = 1F23730E2925D27900DE1555 /* pizzapizzaUITestsLaunchTests.swift */; };
		1F23731C2925D2E400DE1555 /* pizza.swift in Sources */ = {isa = PBXBuildFile; fileRef = 1F23731B2925D2E400DE1555 /* pizza.swift */; };
		1F23731E2926F01700DE1555 /* second.swift in Sources */ = {isa = PBXBuildFile; fileRef = 1F23731D2926F01700DE1555 /* second.swift */; };
		1FBA9F56293825C3003B2E46 /* Ernest Example.swift in Sources */ = {isa = PBXBuildFile; fileRef = 1FBA9F55293825C3003B2E46 /* Ernest Example.swift */; };
		1FBA9F8429396BED003B2E46 /* EventFormOwner.swift in Sources */ = {isa = PBXBuildFile; fileRef = 1FBA9F8329396BED003B2E46 /* EventFormOwner.swift */; };
		1FBA9F8C29396D7F003B2E46 /* File2.swift in Sources */ = {isa = PBXBuildFile; fileRef = 1FBA9F8B29396D7F003B2E46 /* File2.swift */; };
		1FBA9F8E29396D8C003B2E46 /* File1.swift in Sources */ = {isa = PBXBuildFile; fileRef = 1FBA9F8D29396D8C003B2E46 /* File1.swift */; };
/* End PBXBuildFile section */

/* Begin PBXContainerItemProxy section */
		1F2372FF2925D27900DE1555 /* PBXContainerItemProxy */ = {
			isa = PBXContainerItemProxy;
			containerPortal = 1F2372E62925D27800DE1555 /* Project object */;
			proxyType = 1;
			remoteGlobalIDString = 1F2372ED2925D27800DE1555;
			remoteInfo = pizzapizza;
		};
		1F2373092925D27900DE1555 /* PBXContainerItemProxy */ = {
			isa = PBXContainerItemProxy;
			containerPortal = 1F2372E62925D27800DE1555 /* Project object */;
			proxyType = 1;
			remoteGlobalIDString = 1F2372ED2925D27800DE1555;
			remoteInfo = pizzapizza;
		};
/* End PBXContainerItemProxy section */

/* Begin PBXFileReference section */
		1F0FF307293A8BC200BBC1EC /* feelwellMap.swift */ = {isa = PBXFileReference; fileEncoding = 4; lastKnownFileType = sourcecode.swift; path = feelwellMap.swift; sourceTree = "<group>"; };
		1F0FF309293A8BEF00BBC1EC /* mapSearch.swift */ = {isa = PBXFileReference; fileEncoding = 4; lastKnownFileType = sourcecode.swift; path = mapSearch.swift; sourceTree = "<group>"; };
		1F0FF30B293A8C5D00BBC1EC /* MoodMap.swift */ = {isa = PBXFileReference; fileEncoding = 4; lastKnownFileType = sourcecode.swift; path = MoodMap.swift; sourceTree = "<group>"; };
		1F2372EE2925D27800DE1555 /* pizzapizza.app */ = {isa = PBXFileReference; explicitFileType = wrapper.application; includeInIndex = 0; path = pizzapizza.app; sourceTree = BUILT_PRODUCTS_DIR; };
		1F2372F12925D27800DE1555 /* pizzapizzaApp.swift */ = {isa = PBXFileReference; lastKnownFileType = sourcecode.swift; path = pizzapizzaApp.swift; sourceTree = "<group>"; };
		1F2372F32925D27800DE1555 /* ContentView.swift */ = {isa = PBXFileReference; lastKnownFileType = sourcecode.swift; path = ContentView.swift; sourceTree = "<group>"; };
		1F2372F52925D27900DE1555 /* Assets.xcassets */ = {isa = PBXFileReference; lastKnownFileType = folder.assetcatalog; path = Assets.xcassets; sourceTree = "<group>"; };
		1F2372F82925D27900DE1555 /* Preview Assets.xcassets */ = {isa = PBXFileReference; lastKnownFileType = folder.assetcatalog; path = "Preview Assets.xcassets"; sourceTree = "<group>"; };
		1F2372FE2925D27900DE1555 /* pizzapizzaTests.xctest */ = {isa = PBXFileReference; explicitFileType = wrapper.cfbundle; includeInIndex = 0; path = pizzapizzaTests.xctest; sourceTree = BUILT_PRODUCTS_DIR; };
		1F2373022925D27900DE1555 /* pizzapizzaTests.swift */ = {isa = PBXFileReference; lastKnownFileType = sourcecode.swift; path = pizzapizzaTests.swift; sourceTree = "<group>"; };
		1F2373082925D27900DE1555 /* pizzapizzaUITests.xctest */ = {isa = PBXFileReference; explicitFileType = wrapper.cfbundle; includeInIndex = 0; path = pizzapizzaUITests.xctest; sourceTree = BUILT_PRODUCTS_DIR; };
		1F23730C2925D27900DE1555 /* pizzapizzaUITests.swift */ = {isa = PBXFileReference; lastKnownFileType = sourcecode.swift; path = pizzapizzaUITests.swift; sourceTree = "<group>"; };
		1F23730E2925D27900DE1555 /* pizzapizzaUITestsLaunchTests.swift */ = {isa = PBXFileReference; lastKnownFileType = sourcecode.swift; path = pizzapizzaUITestsLaunchTests.swift; sourceTree = "<group>"; };
		1F23731B2925D2E400DE1555 /* pizza.swift */ = {isa = PBXFileReference; lastKnownFileType = sourcecode.swift; path = pizza.swift; sourceTree = "<group>"; };
		1F23731D2926F01700DE1555 /* second.swift */ = {isa = PBXFileReference; lastKnownFileType = sourcecode.swift; path = second.swift; sourceTree = "<group>"; };
		1FBA9F55293825C3003B2E46 /* Ernest Example.swift */ = {isa = PBXFileReference; lastKnownFileType = sourcecode.swift; path = "Ernest Example.swift"; sourceTree = "<group>"; };
		1FBA9F8329396BED003B2E46 /* EventFormOwner.swift */ = {isa = PBXFileReference; fileEncoding = 4; lastKnownFileType = sourcecode.swift; path = EventFormOwner.swift; sourceTree = "<group>"; };
		1FBA9F8B29396D7F003B2E46 /* File2.swift */ = {isa = PBXFileReference; lastKnownFileType = sourcecode.swift; path = File2.swift; sourceTree = "<group>"; };
		1FBA9F8D29396D8C003B2E46 /* File1.swift */ = {isa = PBXFileReference; lastKnownFileType = sourcecode.swift; path = File1.swift; sourceTree = "<group>"; };
/* End PBXFileReference section */

/* Begin PBXFrameworksBuildPhase section */
		1F2372EB2925D27800DE1555 /* Frameworks */ = {
			isa = PBXFrameworksBuildPhase;
			buildActionMask = 2147483647;
			files = (
			);
			runOnlyForDeploymentPostprocessing = 0;
		};
		1F2372FB2925D27900DE1555 /* Frameworks */ = {
			isa = PBXFrameworksBuildPhase;
			buildActionMask = 2147483647;
			files = (
			);
			runOnlyForDeploymentPostprocessing = 0;
		};
		1F2373052925D27900DE1555 /* Frameworks */ = {
			isa = PBXFrameworksBuildPhase;
			buildActionMask = 2147483647;
			files = (
			);
			runOnlyForDeploymentPostprocessing = 0;
		};
/* End PBXFrameworksBuildPhase section */

/* Begin PBXGroup section */
		1F2372E52925D27800DE1555 = {
			isa = PBXGroup;
			children = (
				1F2372F02925D27800DE1555 /* pizzapizza */,
				1F2373012925D27900DE1555 /* pizzapizzaTests */,
				1F23730B2925D27900DE1555 /* pizzapizzaUITests */,
				1F2372EF2925D27800DE1555 /* Products */,
			);
			sourceTree = "<group>";
		};
		1F2372EF2925D27800DE1555 /* Products */ = {
			isa = PBXGroup;
			children = (
				1F2372EE2925D27800DE1555 /* pizzapizza.app */,
				1F2372FE2925D27900DE1555 /* pizzapizzaTests.xctest */,
				1F2373082925D27900DE1555 /* pizzapizzaUITests.xctest */,
			);
			name = Products;
			sourceTree = "<group>";
		};
		1F2372F02925D27800DE1555 /* pizzapizza */ = {
			isa = PBXGroup;
			children = (
				1F2372F12925D27800DE1555 /* pizzapizzaApp.swift */,
				1F2372F32925D27800DE1555 /* ContentView.swift */,
				1F23731B2925D2E400DE1555 /* pizza.swift */,
				1F23731D2926F01700DE1555 /* second.swift */,
				1FBA9F55293825C3003B2E46 /* Ernest Example.swift */,
				1FBA9F8329396BED003B2E46 /* EventFormOwner.swift */,
				1F0FF307293A8BC200BBC1EC /* feelwellMap.swift */,
				1F0FF309293A8BEF00BBC1EC /* mapSearch.swift */,
				1F0FF30B293A8C5D00BBC1EC /* MoodMap.swift */,
				1FBA9F8B29396D7F003B2E46 /* File2.swift */,
				1F2372F52925D27900DE1555 /* Assets.xcassets */,
				1F2372F72925D27900DE1555 /* Preview Content */,
				1FBA9F8D29396D8C003B2E46 /* File1.swift */,
			);
			path = pizzapizza;
			sourceTree = "<group>";
		};
		1F2372F72925D27900DE1555 /* Preview Content */ = {
			isa = PBXGroup;
			children = (
				1F2372F82925D27900DE1555 /* Preview Assets.xcassets */,
			);
			path = "Preview Content";
			sourceTree = "<group>";
		};
		1F2373012925D27900DE1555 /* pizzapizzaTests */ = {
			isa = PBXGroup;
			children = (
				1F2373022925D27900DE1555 /* pizzapizzaTests.swift */,
			);
			path = pizzapizzaTests;
			sourceTree = "<group>";
		};
		1F23730B2925D27900DE1555 /* pizzapizzaUITests */ = {
			isa = PBXGroup;
			children = (
				1F23730C2925D27900DE1555 /* pizzapizzaUITests.swift */,
				1F23730E2925D27900DE1555 /* pizzapizzaUITestsLaunchTests.swift */,
			);
			path = pizzapizzaUITests;
			sourceTree = "<group>";
		};
/* End PBXGroup section */

/* Begin PBXNativeTarget section */
		1F2372ED2925D27800DE1555 /* pizzapizza */ = {
			isa = PBXNativeTarget;
			buildConfigurationList = 1F2373122925D27900DE1555 /* Build configuration list for PBXNativeTarget "pizzapizza" */;
			buildPhases = (
				1F2372EA2925D27800DE1555 /* Sources */,
				1F2372EB2925D27800DE1555 /* Frameworks */,
				1F2372EC2925D27800DE1555 /* Resources */,
			);
			buildRules = (
			);
			dependencies = (
			);
			name = pizzapizza;
			productName = pizzapizza;
			productReference = 1F2372EE2925D27800DE1555 /* pizzapizza.app */;
			productType = "com.apple.product-type.application";
		};
		1F2372FD2925D27900DE1555 /* pizzapizzaTests */ = {
			isa = PBXNativeTarget;
			buildConfigurationList = 1F2373152925D27900DE1555 /* Build configuration list for PBXNativeTarget "pizzapizzaTests" */;
			buildPhases = (
				1F2372FA2925D27900DE1555 /* Sources */,
				1F2372FB2925D27900DE1555 /* Frameworks */,
				1F2372FC2925D27900DE1555 /* Resources */,
			);
			buildRules = (
			);
			dependencies = (
				1F2373002925D27900DE1555 /* PBXTargetDependency */,
			);
			name = pizzapizzaTests;
			productName = pizzapizzaTests;
			productReference = 1F2372FE2925D27900DE1555 /* pizzapizzaTests.xctest */;
			productType = "com.apple.product-type.bundle.unit-test";
		};
		1F2373072925D27900DE1555 /* pizzapizzaUITests */ = {
			isa = PBXNativeTarget;
			buildConfigurationList = 1F2373182925D27900DE1555 /* Build configuration list for PBXNativeTarget "pizzapizzaUITests" */;
			buildPhases = (
				1F2373042925D27900DE1555 /* Sources */,
				1F2373052925D27900DE1555 /* Frameworks */,
				1F2373062925D27900DE1555 /* Resources */,
			);
			buildRules = (
			);
			dependencies = (
				1F23730A2925D27900DE1555 /* PBXTargetDependency */,
			);
			name = pizzapizzaUITests;
			productName = pizzapizzaUITests;
			productReference = 1F2373082925D27900DE1555 /* pizzapizzaUITests.xctest */;
			productType = "com.apple.product-type.bundle.ui-testing";
		};
/* End PBXNativeTarget section */

/* Begin PBXProject section */
		1F2372E62925D27800DE1555 /* Project object */ = {
			isa = PBXProject;
			attributes = {
				BuildIndependentTargetsInParallel = 1;
				LastSwiftUpdateCheck = 1410;
				LastUpgradeCheck = 1410;
				TargetAttributes = {
					1F2372ED2925D27800DE1555 = {
						CreatedOnToolsVersion = 14.1;
					};
					1F2372FD2925D27900DE1555 = {
						CreatedOnToolsVersion = 14.1;
						TestTargetID = 1F2372ED2925D27800DE1555;
					};
					1F2373072925D27900DE1555 = {
						CreatedOnToolsVersion = 14.1;
						TestTargetID = 1F2372ED2925D27800DE1555;
					};
				};
			};
			buildConfigurationList = 1F2372E92925D27800DE1555 /* Build configuration list for PBXProject "pizzapizza" */;
			compatibilityVersion = "Xcode 14.0";
			developmentRegion = en;
			hasScannedForEncodings = 0;
			knownRegions = (
				en,
				Base,
			);
			mainGroup = 1F2372E52925D27800DE1555;
			productRefGroup = 1F2372EF2925D27800DE1555 /* Products */;
			projectDirPath = "";
			projectRoot = "";
			targets = (
				1F2372ED2925D27800DE1555 /* pizzapizza */,
				1F2372FD2925D27900DE1555 /* pizzapizzaTests */,
				1F2373072925D27900DE1555 /* pizzapizzaUITests */,
			);
		};
/* End PBXProject section */

/* Begin PBXResourcesBuildPhase section */
		1F2372EC2925D27800DE1555 /* Resources */ = {
			isa = PBXResourcesBuildPhase;
			buildActionMask = 2147483647;
			files = (
				1F2372F92925D27900DE1555 /* Preview Assets.xcassets in Resources */,
				1F2372F62925D27900DE1555 /* Assets.xcassets in Resources */,
			);
			runOnlyForDeploymentPostprocessing = 0;
		};
		1F2372FC2925D27900DE1555 /* Resources */ = {
			isa = PBXResourcesBuildPhase;
			buildActionMask = 2147483647;
			files = (
			);
			runOnlyForDeploymentPostprocessing = 0;
		};
		1F2373062925D27900DE1555 /* Resources */ = {
			isa = PBXResourcesBuildPhase;
			buildActionMask = 2147483647;
			files = (
			);
			runOnlyForDeploymentPostprocessing = 0;
		};
/* End PBXResourcesBuildPhase section */

/* Begin PBXSourcesBuildPhase section */
		1F2372EA2925D27800DE1555 /* Sources */ = {
			isa = PBXSourcesBuildPhase;
			buildActionMask = 2147483647;
			files = (
				1F0FF308293A8BC200BBC1EC /* feelwellMap.swift in Sources */,
				1FBA9F8C29396D7F003B2E46 /* File2.swift in Sources */,
				1F0FF30A293A8BEF00BBC1EC /* mapSearch.swift in Sources */,
				1F23731C2925D2E400DE1555 /* pizza.swift in Sources */,
				1F0FF30C293A8C5D00BBC1EC /* MoodMap.swift in Sources */,
				1F2372F42925D27800DE1555 /* ContentView.swift in Sources */,
				1FBA9F56293825C3003B2E46 /* Ernest Example.swift in Sources */,
				1F2372F22925D27800DE1555 /* pizzapizzaApp.swift in Sources */,
				1FBA9F8429396BED003B2E46 /* EventFormOwner.swift in Sources */,
				1FBA9F8E29396D8C003B2E46 /* File1.swift in Sources */,
				1F23731E2926F01700DE1555 /* second.swift in Sources */,
			);
			runOnlyForDeploymentPostprocessing = 0;
		};
		1F2372FA2925D27900DE1555 /* Sources */ = {
			isa = PBXSourcesBuildPhase;
			buildActionMask = 2147483647;
			files = (
				1F2373032925D27900DE1555 /* pizzapizzaTests.swift in Sources */,
			);
			runOnlyForDeploymentPostprocessing = 0;
		};
		1F2373042925D27900DE1555 /* Sources */ = {
			isa = PBXSourcesBuildPhase;
			buildActionMask = 2147483647;
			files = (
				1F23730F2925D27900DE1555 /* pizzapizzaUITestsLaunchTests.swift in Sources */,
				1F23730D2925D27900DE1555 /* pizzapizzaUITests.swift in Sources */,
			);
			runOnlyForDeploymentPostprocessing = 0;
		};
/* End PBXSourcesBuildPhase section */

/* Begin PBXTargetDependency section */
		1F2373002925D27900DE1555 /* PBXTargetDependency */ = {
			isa = PBXTargetDependency;
			target = 1F2372ED2925D27800DE1555 /* pizzapizza */;
			targetProxy = 1F2372FF2925D27900DE1555 /* PBXContainerItemProxy */;
		};
		1F23730A2925D27900DE1555 /* PBXTargetDependency */ = {
			isa = PBXTargetDependency;
			target = 1F2372ED2925D27800DE1555 /* pizzapizza */;
			targetProxy = 1F2373092925D27900DE1555 /* PBXContainerItemProxy */;
		};
/* End PBXTargetDependency section */

/* Begin XCBuildConfiguration section */
		1F2373102925D27900DE1555 /* Debug */ = {
			isa = XCBuildConfiguration;
			buildSettings = {
				ALWAYS_SEARCH_USER_PATHS = NO;
				CLANG_ANALYZER_NONNULL = YES;
				CLANG_ANALYZER_NUMBER_OBJECT_CONVERSION = YES_AGGRESSIVE;
				CLANG_CXX_LANGUAGE_STANDARD = "gnu++20";
				CLANG_ENABLE_MODULES = YES;
				CLANG_ENABLE_OBJC_ARC = YES;
				CLANG_ENABLE_OBJC_WEAK = YES;
				CLANG_WARN_BLOCK_CAPTURE_AUTORELEASING = YES;
				CLANG_WARN_BOOL_CONVERSION = YES;
				CLANG_WARN_COMMA = YES;
				CLANG_WARN_CONSTANT_CONVERSION = YES;
				CLANG_WARN_DEPRECATED_OBJC_IMPLEMENTATIONS = YES;
				CLANG_WARN_DIRECT_OBJC_ISA_USAGE = YES_ERROR;
				CLANG_WARN_DOCUMENTATION_COMMENTS = YES;
				CLANG_WARN_EMPTY_BODY = YES;
				CLANG_WARN_ENUM_CONVERSION = YES;
				CLANG_WARN_INFINITE_RECURSION = YES;
				CLANG_WARN_INT_CONVERSION = YES;
				CLANG_WARN_NON_LITERAL_NULL_CONVERSION = YES;
				CLANG_WARN_OBJC_IMPLICIT_RETAIN_SELF = YES;
				CLANG_WARN_OBJC_LITERAL_CONVERSION = YES;
				CLANG_WARN_OBJC_ROOT_CLASS = YES_ERROR;
				CLANG_WARN_QUOTED_INCLUDE_IN_FRAMEWORK_HEADER = YES;
				CLANG_WARN_RANGE_LOOP_ANALYSIS = YES;
				CLANG_WARN_STRICT_PROTOTYPES = YES;
				CLANG_WARN_SUSPICIOUS_MOVE = YES;
				CLANG_WARN_UNGUARDED_AVAILABILITY = YES_AGGRESSIVE;
				CLANG_WARN_UNREACHABLE_CODE = YES;
				CLANG_WARN__DUPLICATE_METHOD_MATCH = YES;
				COPY_PHASE_STRIP = NO;
				DEBUG_INFORMATION_FORMAT = dwarf;
				ENABLE_STRICT_OBJC_MSGSEND = YES;
				ENABLE_TESTABILITY = YES;
				GCC_C_LANGUAGE_STANDARD = gnu11;
				GCC_DYNAMIC_NO_PIC = NO;
				GCC_NO_COMMON_BLOCKS = YES;
				GCC_OPTIMIZATION_LEVEL = 0;
				GCC_PREPROCESSOR_DEFINITIONS = (
					"DEBUG=1",
					"$(inherited)",
				);
				GCC_WARN_64_TO_32_BIT_CONVERSION = YES;
				GCC_WARN_ABOUT_RETURN_TYPE = YES_ERROR;
				GCC_WARN_UNDECLARED_SELECTOR = YES;
				GCC_WARN_UNINITIALIZED_AUTOS = YES_AGGRESSIVE;
				GCC_WARN_UNUSED_FUNCTION = YES;
				GCC_WARN_UNUSED_VARIABLE = YES;
				IPHONEOS_DEPLOYMENT_TARGET = 16.1;
				MTL_ENABLE_DEBUG_INFO = INCLUDE_SOURCE;
				MTL_FAST_MATH = YES;
				ONLY_ACTIVE_ARCH = YES;
				SDKROOT = iphoneos;
				SWIFT_ACTIVE_COMPILATION_CONDITIONS = DEBUG;
				SWIFT_OPTIMIZATION_LEVEL = "-Onone";
			};
			name = Debug;
		};
		1F2373112925D27900DE1555 /* Release */ = {
			isa = XCBuildConfiguration;
			buildSettings = {
				ALWAYS_SEARCH_USER_PATHS = NO;
				CLANG_ANALYZER_NONNULL = YES;
				CLANG_ANALYZER_NUMBER_OBJECT_CONVERSION = YES_AGGRESSIVE;
				CLANG_CXX_LANGUAGE_STANDARD = "gnu++20";
				CLANG_ENABLE_MODULES = YES;
				CLANG_ENABLE_OBJC_ARC = YES;
				CLANG_ENABLE_OBJC_WEAK = YES;
				CLANG_WARN_BLOCK_CAPTURE_AUTORELEASING = YES;
				CLANG_WARN_BOOL_CONVERSION = YES;
				CLANG_WARN_COMMA = YES;
				CLANG_WARN_CONSTANT_CONVERSION = YES;
				CLANG_WARN_DEPRECATED_OBJC_IMPLEMENTATIONS = YES;
				CLANG_WARN_DIRECT_OBJC_ISA_USAGE = YES_ERROR;
				CLANG_WARN_DOCUMENTATION_COMMENTS = YES;
				CLANG_WARN_EMPTY_BODY = YES;
				CLANG_WARN_ENUM_CONVERSION = YES;
				CLANG_WARN_INFINITE_RECURSION = YES;
				CLANG_WARN_INT_CONVERSION = YES;
				CLANG_WARN_NON_LITERAL_NULL_CONVERSION = YES;
				CLANG_WARN_OBJC_IMPLICIT_RETAIN_SELF = YES;
				CLANG_WARN_OBJC_LITERAL_CONVERSION = YES;
				CLANG_WARN_OBJC_ROOT_CLASS = YES_ERROR;
				CLANG_WARN_QUOTED_INCLUDE_IN_FRAMEWORK_HEADER = YES;
				CLANG_WARN_RANGE_LOOP_ANALYSIS = YES;
				CLANG_WARN_STRICT_PROTOTYPES = YES;
				CLANG_WARN_SUSPICIOUS_MOVE = YES;
				CLANG_WARN_UNGUARDED_AVAILABILITY = YES_AGGRESSIVE;
				CLANG_WARN_UNREACHABLE_CODE = YES;
				CLANG_WARN__DUPLICATE_METHOD_MATCH = YES;
				COPY_PHASE_STRIP = NO;
				DEBUG_INFORMATION_FORMAT = "dwarf-with-dsym";
				ENABLE_NS_ASSERTIONS = NO;
				ENABLE_STRICT_OBJC_MSGSEND = YES;
				GCC_C_LANGUAGE_STANDARD = gnu11;
				GCC_NO_COMMON_BLOCKS = YES;
				GCC_WARN_64_TO_32_BIT_CONVERSION = YES;
				GCC_WARN_ABOUT_RETURN_TYPE = YES_ERROR;
				GCC_WARN_UNDECLARED_SELECTOR = YES;
				GCC_WARN_UNINITIALIZED_AUTOS = YES_AGGRESSIVE;
				GCC_WARN_UNUSED_FUNCTION = YES;
				GCC_WARN_UNUSED_VARIABLE = YES;
				IPHONEOS_DEPLOYMENT_TARGET = 16.1;
				MTL_ENABLE_DEBUG_INFO = NO;
				MTL_FAST_MATH = YES;
				SDKROOT = iphoneos;
				SWIFT_COMPILATION_MODE = wholemodule;
				SWIFT_OPTIMIZATION_LEVEL = "-O";
				VALIDATE_PRODUCT = YES;
			};
			name = Release;
		};
		1F2373132925D27900DE1555 /* Debug */ = {
			isa = XCBuildConfiguration;
			buildSettings = {
				ASSETCATALOG_COMPILER_APPICON_NAME = AppIcon;
				ASSETCATALOG_COMPILER_GLOBAL_ACCENT_COLOR_NAME = AccentColor;
				CODE_SIGN_STYLE = Automatic;
				CURRENT_PROJECT_VERSION = 1;
				DEVELOPMENT_ASSET_PATHS = "\"pizzapizza/Preview Content\"";
				DEVELOPMENT_TEAM = WPJ7SR5U7F;
				ENABLE_PREVIEWS = YES;
				GENERATE_INFOPLIST_FILE = YES;
				INFOPLIST_KEY_UIApplicationSceneManifest_Generation = YES;
				INFOPLIST_KEY_UIApplicationSupportsIndirectInputEvents = YES;
				INFOPLIST_KEY_UILaunchScreen_Generation = YES;
				INFOPLIST_KEY_UISupportedInterfaceOrientations_iPad = "UIInterfaceOrientationPortrait UIInterfaceOrientationPortraitUpsideDown UIInterfaceOrientationLandscapeLeft UIInterfaceOrientationLandscapeRight";
				INFOPLIST_KEY_UISupportedInterfaceOrientations_iPhone = "UIInterfaceOrientationPortrait UIInterfaceOrientationLandscapeLeft UIInterfaceOrientationLandscapeRight";
				LD_RUNPATH_SEARCH_PATHS = (
					"$(inherited)",
					"@executable_path/Frameworks",
				);
				MARKETING_VERSION = 1.0;
				PRODUCT_BUNDLE_IDENTIFIER = pizza.pizzapizza;
				PRODUCT_NAME = "$(TARGET_NAME)";
				SWIFT_EMIT_LOC_STRINGS = YES;
				SWIFT_VERSION = 5.0;
				TARGETED_DEVICE_FAMILY = "1,2";
			};
			name = Debug;
		};
		1F2373142925D27900DE1555 /* Release */ = {
			isa = XCBuildConfiguration;
			buildSettings = {
				ASSETCATALOG_COMPILER_APPICON_NAME = AppIcon;
				ASSETCATALOG_COMPILER_GLOBAL_ACCENT_COLOR_NAME = AccentColor;
				CODE_SIGN_STYLE = Automatic;
				CURRENT_PROJECT_VERSION = 1;
				DEVELOPMENT_ASSET_PATHS = "\"pizzapizza/Preview Content\"";
				DEVELOPMENT_TEAM = WPJ7SR5U7F;
				ENABLE_PREVIEWS = YES;
				GENERATE_INFOPLIST_FILE = YES;
				INFOPLIST_KEY_UIApplicationSceneManifest_Generation = YES;
				INFOPLIST_KEY_UIApplicationSupportsIndirectInputEvents = YES;
				INFOPLIST_KEY_UILaunchScreen_Generation = YES;
				INFOPLIST_KEY_UISupportedInterfaceOrientations_iPad = "UIInterfaceOrientationPortrait UIInterfaceOrientationPortraitUpsideDown UIInterfaceOrientationLandscapeLeft UIInterfaceOrientationLandscapeRight";
				INFOPLIST_KEY_UISupportedInterfaceOrientations_iPhone = "UIInterfaceOrientationPortrait UIInterfaceOrientationLandscapeLeft UIInterfaceOrientationLandscapeRight";
				LD_RUNPATH_SEARCH_PATHS = (
					"$(inherited)",
					"@executable_path/Frameworks",
				);
				MARKETING_VERSION = 1.0;
				PRODUCT_BUNDLE_IDENTIFIER = pizza.pizzapizza;
				PRODUCT_NAME = "$(TARGET_NAME)";
				SWIFT_EMIT_LOC_STRINGS = YES;
				SWIFT_VERSION = 5.0;
				TARGETED_DEVICE_FAMILY = "1,2";
			};
			name = Release;
		};
		1F2373162925D27900DE1555 /* Debug */ = {
			isa = XCBuildConfiguration;
			buildSettings = {
				ALWAYS_EMBED_SWIFT_STANDARD_LIBRARIES = YES;
				BUNDLE_LOADER = "$(TEST_HOST)";
				CODE_SIGN_STYLE = Automatic;
				CURRENT_PROJECT_VERSION = 1;
				DEVELOPMENT_TEAM = WPJ7SR5U7F;
				GENERATE_INFOPLIST_FILE = YES;
				IPHONEOS_DEPLOYMENT_TARGET = 16.1;
				MARKETING_VERSION = 1.0;
				PRODUCT_BUNDLE_IDENTIFIER = pizza.pizzapizzaTests;
				PRODUCT_NAME = "$(TARGET_NAME)";
				SWIFT_EMIT_LOC_STRINGS = NO;
				SWIFT_VERSION = 5.0;
				TARGETED_DEVICE_FAMILY = "1,2";
				TEST_HOST = "$(BUILT_PRODUCTS_DIR)/pizzapizza.app/$(BUNDLE_EXECUTABLE_FOLDER_PATH)/pizzapizza";
			};
			name = Debug;
		};
		1F2373172925D27900DE1555 /* Release */ = {
			isa = XCBuildConfiguration;
			buildSettings = {
				ALWAYS_EMBED_SWIFT_STANDARD_LIBRARIES = YES;
				BUNDLE_LOADER = "$(TEST_HOST)";
				CODE_SIGN_STYLE = Automatic;
				CURRENT_PROJECT_VERSION = 1;
				DEVELOPMENT_TEAM = WPJ7SR5U7F;
				GENERATE_INFOPLIST_FILE = YES;
				IPHONEOS_DEPLOYMENT_TARGET = 16.1;
				MARKETING_VERSION = 1.0;
				PRODUCT_BUNDLE_IDENTIFIER = pizza.pizzapizzaTests;
				PRODUCT_NAME = "$(TARGET_NAME)";
				SWIFT_EMIT_LOC_STRINGS = NO;
				SWIFT_VERSION = 5.0;
				TARGETED_DEVICE_FAMILY = "1,2";
				TEST_HOST = "$(BUILT_PRODUCTS_DIR)/pizzapizza.app/$(BUNDLE_EXECUTABLE_FOLDER_PATH)/pizzapizza";
			};
			name = Release;
		};
		1F2373192925D27900DE1555 /* Debug */ = {
			isa = XCBuildConfiguration;
			buildSettings = {
				ALWAYS_EMBED_SWIFT_STANDARD_LIBRARIES = YES;
				CODE_SIGN_STYLE = Automatic;
				CURRENT_PROJECT_VERSION = 1;
				DEVELOPMENT_TEAM = WPJ7SR5U7F;
				GENERATE_INFOPLIST_FILE = YES;
				MARKETING_VERSION = 1.0;
				PRODUCT_BUNDLE_IDENTIFIER = pizza.pizzapizzaUITests;
				PRODUCT_NAME = "$(TARGET_NAME)";
				SWIFT_EMIT_LOC_STRINGS = NO;
				SWIFT_VERSION = 5.0;
				TARGETED_DEVICE_FAMILY = "1,2";
				TEST_TARGET_NAME = pizzapizza;
			};
			name = Debug;
		};
		1F23731A2925D27900DE1555 /* Release */ = {
			isa = XCBuildConfiguration;
			buildSettings = {
				ALWAYS_EMBED_SWIFT_STANDARD_LIBRARIES = YES;
				CODE_SIGN_STYLE = Automatic;
				CURRENT_PROJECT_VERSION = 1;
				DEVELOPMENT_TEAM = WPJ7SR5U7F;
				GENERATE_INFOPLIST_FILE = YES;
				MARKETING_VERSION = 1.0;
				PRODUCT_BUNDLE_IDENTIFIER = pizza.pizzapizzaUITests;
				PRODUCT_NAME = "$(TARGET_NAME)";
				SWIFT_EMIT_LOC_STRINGS = NO;
				SWIFT_VERSION = 5.0;
				TARGETED_DEVICE_FAMILY = "1,2";
				TEST_TARGET_NAME = pizzapizza;
			};
			name = Release;
		};
/* End XCBuildConfiguration section */

/* Begin XCConfigurationList section */
		1F2372E92925D27800DE1555 /* Build configuration list for PBXProject "pizzapizza" */ = {
			isa = XCConfigurationList;
			buildConfigurations = (
				1F2373102925D27900DE1555 /* Debug */,
				1F2373112925D27900DE1555 /* Release */,
			);
			defaultConfigurationIsVisible = 0;
			defaultConfigurationName = Release;
		};
		1F2373122925D27900DE1555 /* Build configuration list for PBXNativeTarget "pizzapizza" */ = {
			isa = XCConfigurationList;
			buildConfigurations = (
				1F2373132925D27900DE1555 /* Debug */,
				1F2373142925D27900DE1555 /* Release */,
			);
			defaultConfigurationIsVisible = 0;
			defaultConfigurationName = Release;
		};
		1F2373152925D27900DE1555 /* Build configuration list for PBXNativeTarget "pizzapizzaTests" */ = {
			isa = XCConfigurationList;
			buildConfigurations = (
				1F2373162925D27900DE1555 /* Debug */,
				1F2373172925D27900DE1555 /* Release */,
			);
			defaultConfigurationIsVisible = 0;
			defaultConfigurationName = Release;
		};
		1F2373182925D27900DE1555 /* Build configuration list for PBXNativeTarget "pizzapizzaUITests" */ = {
			isa = XCConfigurationList;
			buildConfigurations = (
				1F2373192925D27900DE1555 /* Debug */,
				1F23731A2925D27900DE1555 /* Release */,
			);
			defaultConfigurationIsVisible = 0;
			defaultConfigurationName = Release;
		};
/* End XCConfigurationList section */
	};
	rootObject = 1F2372E62925D27800DE1555 /* Project object */;
}
